
Microsoft Visual Studio Solution File, Format Version 12.00
# Visual Studio Version 16
VisualStudioVersion = 16.0.30225.117
MinimumVisualStudioVersion = 10.0.40219.1
Project("{FAE04EC0-301F-11D3-BF4B-00C04F79EFBC}") = "SPDC-DMZ-API", "SPDC-DMZ-API.csproj", "{D2139EFA-098A-4985-B8AB-FF07A874B860}"
EndProject
Global
	GlobalSection(SolutionConfigurationPlatforms) = preSolution
		Debug|Any CPU = Debug|Any CPU
		Release|Any CPU = Release|Any CPU
	EndGlobalSection
	GlobalSection(ProjectConfigurationPlatforms) = postSolution
		{D2139EFA-098A-4985-B8AB-FF07A874B860}.Debug|Any CPU.ActiveCfg = Debug|Any CPU
		{D2139EFA-098A-4985-B8AB-FF07A874B860}.Debug|Any CPU.Build.0 = Debug|Any CPU
		{D2139EFA-098A-4985-B8AB-FF07A874B860}.Release|Any CPU.ActiveCfg = Release|Any CPU
		{D2139EFA-098A-4985-B8AB-FF07A874B860}.Release|Any CPU.Build.0 = Release|Any CPU
	EndGlobalSection
	GlobalSection(SolutionProperties) = preSolution
		HideSolutionNode = FALSE
	EndGlobalSection
	GlobalSection(ExtensibilityGlobals) = postSolution
		SolutionGuid = {B8A9C41B-E4AB-4299-B15D-919E96D2D8E5}
	EndGlobalSection
EndGlobal
